
Microsoft Visual Studio Solution File, Format Version 12.00
# Visual Studio Version 16
VisualStudioVersion = 16.0.31112.23
MinimumVisualStudioVersion = 10.0.40219.1
Project("{FAE04EC0-301F-11D3-BF4B-00C04F79EFBC}") = "SeleniumTest", "SeleniumTest\SeleniumTest.csproj", "{9277E78F-A419-460A-968A-7F38CBCFB88C}"
EndProject
Global
	GlobalSection(SolutionConfigurationPlatforms) = preSolution
		Debug|Any CPU = Debug|Any CPU
		Release|Any CPU = Release|Any CPU
	EndGlobalSection
	GlobalSection(ProjectConfigurationPlatforms) = postSolution
		{9277E78F-A419-460A-968A-7F38CBCFB88C}.Debug|Any CPU.ActiveCfg = Debug|Any CPU
		{9277E78F-A419-460A-968A-7F38CBCFB88C}.Debug|Any CPU.Build.0 = Debug|Any CPU
		{9277E78F-A419-460A-968A-7F38CBCFB88C}.Release|Any CPU.ActiveCfg = Release|Any CPU
		{9277E78F-A419-460A-968A-7F38CBCFB88C}.Release|Any CPU.Build.0 = Release|Any CPU
	EndGlobalSection
	GlobalSection(SolutionProperties) = preSolution
		HideSolutionNode = FALSE
	EndGlobalSection
	GlobalSection(ExtensibilityGlobals) = postSolution
		SolutionGuid = {785FE59E-D878-4B0E-B9AC-6B4E26DB8208}
	EndGlobalSection
EndGlobal
